
Microsoft Visual Studio Solution File, Format Version 12.00
# Visual Studio Version 17
VisualStudioVersion = 17.13.35931.197
MinimumVisualStudioVersion = 10.0.40219.1
Project("{FAE04EC0-301F-11D3-BF4B-00C04F79EFBC}") = "BulkyWeb", "BulkyWeb\BulkyWeb.csproj", "{F58A9DCD-8882-4D54-B7C8-C94B93DCEAAD}"
EndProject
Project("{FAE04EC0-301F-11D3-BF4B-00C04F79EFBC}") = "Bulky.DataAccess", "Bulky.DataAccess\Bulky.DataAccess.csproj", "{5C521C30-2B41-4FD9-A3FE-3B9ED6B03360}"
EndProject
Project("{FAE04EC0-301F-11D3-BF4B-00C04F79EFBC}") = "Bulky.Models", "Bulky.Models\Bulky.Models.csproj", "{6D8A12C9-BAF4-4692-B7EB-6DE318ADF5BB}"
EndProject
Project("{FAE04EC0-301F-11D3-BF4B-00C04F79EFBC}") = "Bulky.Utility", "Bulky.Utility\Bulky.Utility.csproj", "{3BF7EF51-24DA-4576-87FB-FCC0A641F79C}"
EndProject
Global
	GlobalSection(SolutionConfigurationPlatforms) = preSolution
		Debug|Any CPU = Debug|Any CPU
		Release|Any CPU = Release|Any CPU
	EndGlobalSection
	GlobalSection(ProjectConfigurationPlatforms) = postSolution
		{F58A9DCD-8882-4D54-B7C8-C94B93DCEAAD}.Debug|Any CPU.ActiveCfg = Debug|Any CPU
		{F58A9DCD-8882-4D54-B7C8-C94B93DCEAAD}.Debug|Any CPU.Build.0 = Debug|Any CPU
		{F58A9DCD-8882-4D54-B7C8-C94B93DCEAAD}.Release|Any CPU.ActiveCfg = Release|Any CPU
		{F58A9DCD-8882-4D54-B7C8-C94B93DCEAAD}.Release|Any CPU.Build.0 = Release|Any CPU
		{5C521C30-2B41-4FD9-A3FE-3B9ED6B03360}.Debug|Any CPU.ActiveCfg = Debug|Any CPU
		{5C521C30-2B41-4FD9-A3FE-3B9ED6B03360}.Debug|Any CPU.Build.0 = Debug|Any CPU
		{5C521C30-2B41-4FD9-A3FE-3B9ED6B03360}.Release|Any CPU.ActiveCfg = Release|Any CPU
		{5C521C30-2B41-4FD9-A3FE-3B9ED6B03360}.Release|Any CPU.Build.0 = Release|Any CPU
		{6D8A12C9-BAF4-4692-B7EB-6DE318ADF5BB}.Debug|Any CPU.ActiveCfg = Debug|Any CPU
		{6D8A12C9-BAF4-4692-B7EB-6DE318ADF5BB}.Debug|Any CPU.Build.0 = Debug|Any CPU
		{6D8A12C9-BAF4-4692-B7EB-6DE318ADF5BB}.Release|Any CPU.ActiveCfg = Release|Any CPU
		{6D8A12C9-BAF4-4692-B7EB-6DE318ADF5BB}.Release|Any CPU.Build.0 = Release|Any CPU
		{3BF7EF51-24DA-4576-87FB-FCC0A641F79C}.Debug|Any CPU.ActiveCfg = Debug|Any CPU
		{3BF7EF51-24DA-4576-87FB-FCC0A641F79C}.Debug|Any CPU.Build.0 = Debug|Any CPU
		{3BF7EF51-24DA-4576-87FB-FCC0A641F79C}.Release|Any CPU.ActiveCfg = Release|Any CPU
		{3BF7EF51-24DA-4576-87FB-FCC0A641F79C}.Release|Any CPU.Build.0 = Release|Any CPU
	EndGlobalSection
	GlobalSection(SolutionProperties) = preSolution
		HideSolutionNode = FALSE
	EndGlobalSection
	GlobalSection(ExtensibilityGlobals) = postSolution
		SolutionGuid = {C5BC27CC-AF72-42FC-8655-9FCE46A5E9E2}
	EndGlobalSection
EndGlobal
